// !$*UTF8*$!
{
	archiveVersion = 1;
	classes = {
	};
	objectVersion = 77;
	objects = {

/* Begin PBXBuildFile section */
		0F1062457A1516DFC111A1AD /* Pods_WeatherApp.framework in Frameworks */ = {isa = PBXBuildFile; fileRef = F7CA61BE090C38B01F11C689 /* Pods_WeatherApp.framework */; };
		571556A4B3019FBBAB7334D3 /* Pods_CurrentWeatherExtension.framework in Frameworks */ = {isa = PBXBuildFile; fileRef = 24DE0672490AC33FB81C45D1 /* Pods_CurrentWeatherExtension.framework */; };
		CBC24A920659519B842F422E /* Pods_WeatherAppTests.framework in Frameworks */ = {isa = PBXBuildFile; fileRef = 4DE9D898C066420C2EBAAD5E /* Pods_WeatherAppTests.framework */; };
		F95064F22F04CC29000E5C15 /* WidgetKit.framework in Frameworks */ = {isa = PBXBuildFile; fileRef = F95064C52F040D2D000E5C15 /* WidgetKit.framework */; };
		F95064F32F04CC29000E5C15 /* SwiftUI.framework in Frameworks */ = {isa = PBXBuildFile; fileRef = F95064C72F040D2D000E5C15 /* SwiftUI.framework */; };
		F95064FE2F04CC2B000E5C15 /* CurrentWeatherExtension.appex in Embed Foundation Extensions */ = {isa = PBXBuildFile; fileRef = F95064F12F04CC29000E5C15 /* CurrentWeatherExtension.appex */; settings = {ATTRIBUTES = (RemoveHeadersOnCopy, ); }; };
/* End PBXBuildFile section */

/* Begin PBXContainerItemProxy section */
		F95064FC2F04CC2B000E5C15 /* PBXContainerItemProxy */ = {
			isa = PBXContainerItemProxy;
			containerPortal = F95064922F040537000E5C15 /* Project object */;
			proxyType = 1;
			remoteGlobalIDString = F95064F02F04CC29000E5C15;
			remoteInfo = CurrentWeatherExtension;
		};
		F9CA36E12F124FDB00B40739 /* PBXContainerItemProxy */ = {
			isa = PBXContainerItemProxy;
			containerPortal = F95064922F040537000E5C15 /* Project object */;
			proxyType = 1;
			remoteGlobalIDString = F95064992F040537000E5C15;
			remoteInfo = WeatherApp;
		};
/* End PBXContainerItemProxy section */

/* Begin PBXCopyFilesBuildPhase section */
		F95064DE2F040D30000E5C15 /* Embed Foundation Extensions */ = {
			isa = PBXCopyFilesBuildPhase;
			buildActionMask = 2147483647;
			dstPath = "";
			dstSubfolderSpec = 13;
			files = (
				F95064FE2F04CC2B000E5C15 /* CurrentWeatherExtension.appex in Embed Foundation Extensions */,
			);
			name = "Embed Foundation Extensions";
			runOnlyForDeploymentPostprocessing = 0;
		};
/* End PBXCopyFilesBuildPhase section */

/* Begin PBXFileReference section */
		24DE0672490AC33FB81C45D1 /* Pods_CurrentWeatherExtension.framework */ = {isa = PBXFileReference; explicitFileType = wrapper.framework; includeInIndex = 0; path = Pods_CurrentWeatherExtension.framework; sourceTree = BUILT_PRODUCTS_DIR; };
		28476A702357D5DE6C2D6110 /* Pods-CurrentWeatherExtension.debug.xcconfig */ = {isa = PBXFileReference; includeInIndex = 1; lastKnownFileType = text.xcconfig; name = "Pods-CurrentWeatherExtension.debug.xcconfig"; path = "Target Support Files/Pods-CurrentWeatherExtension/Pods-CurrentWeatherExtension.debug.xcconfig"; sourceTree = "<group>"; };
		4DE9D898C066420C2EBAAD5E /* Pods_WeatherAppTests.framework */ = {isa = PBXFileReference; explicitFileType = wrapper.framework; includeInIndex = 0; path = Pods_WeatherAppTests.framework; sourceTree = BUILT_PRODUCTS_DIR; };
		607043C257D6D22B6F88DBA6 /* Pods-WeatherApp.release.xcconfig */ = {isa = PBXFileReference; includeInIndex = 1; lastKnownFileType = text.xcconfig; name = "Pods-WeatherApp.release.xcconfig"; path = "Target Support Files/Pods-WeatherApp/Pods-WeatherApp.release.xcconfig"; sourceTree = "<group>"; };
		77C5748BA9874D2C34BCE240 /* Pods-CurrentWeatherExtension.release.xcconfig */ = {isa = PBXFileReference; includeInIndex = 1; lastKnownFileType = text.xcconfig; name = "Pods-CurrentWeatherExtension.release.xcconfig"; path = "Target Support Files/Pods-CurrentWeatherExtension/Pods-CurrentWeatherExtension.release.xcconfig"; sourceTree = "<group>"; };
		82A502E2383695FD20D7AD5C /* Pods-WeatherAppTests.release.xcconfig */ = {isa = PBXFileReference; includeInIndex = 1; lastKnownFileType = text.xcconfig; name = "Pods-WeatherAppTests.release.xcconfig"; path = "Target Support Files/Pods-WeatherAppTests/Pods-WeatherAppTests.release.xcconfig"; sourceTree = "<group>"; };
		ACF76B7D0503CD933DDBC576 /* Pods-WeatherAppTests.debug.xcconfig */ = {isa = PBXFileReference; includeInIndex = 1; lastKnownFileType = text.xcconfig; name = "Pods-WeatherAppTests.debug.xcconfig"; path = "Target Support Files/Pods-WeatherAppTests/Pods-WeatherAppTests.debug.xcconfig"; sourceTree = "<group>"; };
		F7CA61BE090C38B01F11C689 /* Pods_WeatherApp.framework */ = {isa = PBXFileReference; explicitFileType = wrapper.framework; includeInIndex = 0; path = Pods_WeatherApp.framework; sourceTree = BUILT_PRODUCTS_DIR; };
		F950649A2F040537000E5C15 /* WeatherApp.app */ = {isa = PBXFileReference; explicitFileType = wrapper.application; includeInIndex = 0; path = WeatherApp.app; sourceTree = BUILT_PRODUCTS_DIR; };
		F95064C52F040D2D000E5C15 /* WidgetKit.framework */ = {isa = PBXFileReference; lastKnownFileType = wrapper.framework; name = WidgetKit.framework; path = System/Library/Frameworks/WidgetKit.framework; sourceTree = SDKROOT; };
		F95064C72F040D2D000E5C15 /* SwiftUI.framework */ = {isa = PBXFileReference; lastKnownFileType = wrapper.framework; name = SwiftUI.framework; path = System/Library/Frameworks/SwiftUI.framework; sourceTree = SDKROOT; };
		F95064F12F04CC29000E5C15 /* CurrentWeatherExtension.appex */ = {isa = PBXFileReference; explicitFileType = "wrapper.app-extension"; includeInIndex = 0; path = CurrentWeatherExtension.appex; sourceTree = BUILT_PRODUCTS_DIR; };
		F980C0072F0F3E6600FC6E0E /* CurrentWeatherExtension.entitlements */ = {isa = PBXFileReference; lastKnownFileType = text.plist.entitlements; path = CurrentWeatherExtension.entitlements; sourceTree = "<group>"; };
		F9CA36DD2F124FDB00B40739 /* WeatherAppTests.xctest */ = {isa = PBXFileReference; explicitFileType = wrapper.cfbundle; includeInIndex = 0; path = WeatherAppTests.xctest; sourceTree = BUILT_PRODUCTS_DIR; };
		FBB00C78AD54727B06D4BCA8 /* Pods-WeatherApp.debug.xcconfig */ = {isa = PBXFileReference; includeInIndex = 1; lastKnownFileType = text.xcconfig; name = "Pods-WeatherApp.debug.xcconfig"; path = "Target Support Files/Pods-WeatherApp/Pods-WeatherApp.debug.xcconfig"; sourceTree = "<group>"; };
/* End PBXFileReference section */

/* Begin PBXFileSystemSynchronizedBuildFileExceptionSet section */
		F95065012F04CC2B000E5C15 /* Exceptions for "CurrentWeatherWidget" folder in "CurrentWeatherExtension" target */ = {
			isa = PBXFileSystemSynchronizedBuildFileExceptionSet;
			membershipExceptions = (
				Info.plist,
			);
			target = F95064F02F04CC29000E5C15 /* CurrentWeatherExtension */;
		};
		F980C0062F0E21D100FC6E0E /* Exceptions for "WeatherApp" folder in "CurrentWeatherExtension" target */ = {
			isa = PBXFileSystemSynchronizedBuildFileExceptionSet;
			membershipExceptions = (
				App/Assets.xcassets,
			);
			target = F95064F02F04CC29000E5C15 /* CurrentWeatherExtension */;
		};
		F9B7B0A72F05D98B000878A0 /* Exceptions for "WeatherApp" folder in "WeatherApp" target */ = {
			isa = PBXFileSystemSynchronizedBuildFileExceptionSet;
			membershipExceptions = (
				App/Info.plist,
			);
			target = F95064992F040537000E5C15 /* WeatherApp */;
		};
		F9CA36EB2F12504800B40739 /* Exceptions for "WeatherApp" folder in "WeatherAppTests" target */ = {
			isa = PBXFileSystemSynchronizedBuildFileExceptionSet;
			membershipExceptions = (
				Core/Constants/APIConstants.swift,
				Core/Constants/AppEnvironment.swift,
				"Core/Extension/Encodable+Ext.swift",
				"Core/Extension/UIViewController+Ext.swift",
				Core/LocationPermissionAlertFactory.swift,
				Domain/Entity/BaseError.swift,
				Domain/Entity/Location.swift,
				"Domain/Repositories Protocol/LocationRepositoryProtocol.swift",
				"Domain/Repositories Protocol/WeatherRepositoryProtocol.swift",
				Domain/UseCases/Protocol/RetrieveWeatherUseCaseProtocol.swift,
				Domain/UseCases/RetrieveWeatherUseCase.swift,
				Presentation/Home/Components/CardView.swift,
				Presentation/Home/Components/CenterSnapViewFlowLayout.swift,
				Presentation/Home/Components/ErrorView.swift,
				Presentation/Home/HomeView.storyboard,
				Presentation/Home/HomeViewController.swift,
				"Presentation/Home/HomeViewController+CollectionView.swift",
				"Presentation/Home/HomeViewController+ImagePicker.swift",
				Presentation/Home/HomeViewModel.swift,
			);
			target = F9CA36DC2F124FDB00B40739 /* WeatherAppTests */;
		};
		F9CA36F12F1250D800B40739 /* Exceptions for "Shared" folder in "WeatherAppTests" target */ = {
			isa = PBXFileSystemSynchronizedBuildFileExceptionSet;
			membershipExceptions = (
				DataSource/BackgroundDataSource.swift,
				DataSource/WeatherLocalDataSource.swift,
				Entity/CardLayout.swift,
				Entity/Weather.swift,
				Entity/WeatherType.swift,
				Infrastructure/Constants.swift,
				UIComponents/CurrentWeatherCardView.swift,
				"UIComponents/View+Ext.swift",
				"UIComponents/WeatherCardItem+Ext.swift",
			);
			target = F9CA36DC2F124FDB00B40739 /* WeatherAppTests */;
		};
		F9D595472F0CD7EA008118F0 /* Exceptions for "Shared" folder in "WeatherApp" target */ = {
			isa = PBXFileSystemSynchronizedBuildFileExceptionSet;
			membershipExceptions = (
				DataSource/BackgroundDataSource.swift,
				DataSource/WeatherLocalDataSource.swift,
				Entity/CardLayout.swift,
				Entity/Weather.swift,
				Entity/WeatherType.swift,
				Infrastructure/Constants.swift,
				UIComponents/CurrentWeatherCardView.swift,
				"UIComponents/View+Ext.swift",
				"UIComponents/WeatherCardItem+Ext.swift",
			);
			target = F95064992F040537000E5C15 /* WeatherApp */;
		};
/* End PBXFileSystemSynchronizedBuildFileExceptionSet section */

/* Begin PBXFileSystemSynchronizedRootGroup section */
		F950649C2F040537000E5C15 /* WeatherApp */ = {
			isa = PBXFileSystemSynchronizedRootGroup;
			exceptions = (
				F9B7B0A72F05D98B000878A0 /* Exceptions for "WeatherApp" folder in "WeatherApp" target */,
				F980C0062F0E21D100FC6E0E /* Exceptions for "WeatherApp" folder in "CurrentWeatherExtension" target */,
				F9CA36EB2F12504800B40739 /* Exceptions for "WeatherApp" folder in "WeatherAppTests" target */,
			);
			path = WeatherApp;
			sourceTree = "<group>";
		};
		F95064F42F04CC29000E5C15 /* CurrentWeatherWidget */ = {
			isa = PBXFileSystemSynchronizedRootGroup;
			exceptions = (
				F95065012F04CC2B000E5C15 /* Exceptions for "CurrentWeatherWidget" folder in "CurrentWeatherExtension" target */,
			);
			path = CurrentWeatherWidget;
			sourceTree = "<group>";
		};
		F9CA36DE2F124FDB00B40739 /* WeatherAppTests */ = {
			isa = PBXFileSystemSynchronizedRootGroup;
			path = WeatherAppTests;
			sourceTree = "<group>";
		};
		F9D595392F0CD7E6008118F0 /* Shared */ = {
			isa = PBXFileSystemSynchronizedRootGroup;
			exceptions = (
				F9D595472F0CD7EA008118F0 /* Exceptions for "Shared" folder in "WeatherApp" target */,
				F9CA36F12F1250D800B40739 /* Exceptions for "Shared" folder in "WeatherAppTests" target */,
			);
			path = Shared;
			sourceTree = "<group>";
		};
/* End PBXFileSystemSynchronizedRootGroup section */

/* Begin PBXFrameworksBuildPhase section */
		F95064972F040537000E5C15 /* Frameworks */ = {
			isa = PBXFrameworksBuildPhase;
			buildActionMask = 2147483647;
			files = (
				0F1062457A1516DFC111A1AD /* Pods_WeatherApp.framework in Frameworks */,
			);
			runOnlyForDeploymentPostprocessing = 0;
		};
		F95064EE2F04CC29000E5C15 /* Frameworks */ = {
			isa = PBXFrameworksBuildPhase;
			buildActionMask = 2147483647;
			files = (
				F95064F32F04CC29000E5C15 /* SwiftUI.framework in Frameworks */,
				F95064F22F04CC29000E5C15 /* WidgetKit.framework in Frameworks */,
				571556A4B3019FBBAB7334D3 /* Pods_CurrentWeatherExtension.framework in Frameworks */,
			);
			runOnlyForDeploymentPostprocessing = 0;
		};
		F9CA36DA2F124FDB00B40739 /* Frameworks */ = {
			isa = PBXFrameworksBuildPhase;
			buildActionMask = 2147483647;
			files = (
				CBC24A920659519B842F422E /* Pods_WeatherAppTests.framework in Frameworks */,
			);
			runOnlyForDeploymentPostprocessing = 0;
		};
/* End PBXFrameworksBuildPhase section */

/* Begin PBXGroup section */
		0885357066EF6633AEC92E3E /* Pods */ = {
			isa = PBXGroup;
			children = (
				28476A702357D5DE6C2D6110 /* Pods-CurrentWeatherExtension.debug.xcconfig */,
				77C5748BA9874D2C34BCE240 /* Pods-CurrentWeatherExtension.release.xcconfig */,
				FBB00C78AD54727B06D4BCA8 /* Pods-WeatherApp.debug.xcconfig */,
				607043C257D6D22B6F88DBA6 /* Pods-WeatherApp.release.xcconfig */,
				ACF76B7D0503CD933DDBC576 /* Pods-WeatherAppTests.debug.xcconfig */,
				82A502E2383695FD20D7AD5C /* Pods-WeatherAppTests.release.xcconfig */,
			);
			path = Pods;
			sourceTree = "<group>";
		};
		F95064912F040537000E5C15 = {
			isa = PBXGroup;
			children = (
				F980C0072F0F3E6600FC6E0E /* CurrentWeatherExtension.entitlements */,
				F9D595392F0CD7E6008118F0 /* Shared */,
				F95064F42F04CC29000E5C15 /* CurrentWeatherWidget */,
				F950649C2F040537000E5C15 /* WeatherApp */,
				F9CA36DE2F124FDB00B40739 /* WeatherAppTests */,
				F95064C42F040D2D000E5C15 /* Frameworks */,
				0885357066EF6633AEC92E3E /* Pods */,
				F950649B2F040537000E5C15 /* Products */,
			);
			sourceTree = "<group>";
		};
		F950649B2F040537000E5C15 /* Products */ = {
			isa = PBXGroup;
			children = (
				F950649A2F040537000E5C15 /* WeatherApp.app */,
				F95064F12F04CC29000E5C15 /* CurrentWeatherExtension.appex */,
				F9CA36DD2F124FDB00B40739 /* WeatherAppTests.xctest */,
			);
			name = Products;
			sourceTree = "<group>";
		};
		F95064C42F040D2D000E5C15 /* Frameworks */ = {
			isa = PBXGroup;
			children = (
				F95064C52F040D2D000E5C15 /* WidgetKit.framework */,
				F95064C72F040D2D000E5C15 /* SwiftUI.framework */,
				24DE0672490AC33FB81C45D1 /* Pods_CurrentWeatherExtension.framework */,
				F7CA61BE090C38B01F11C689 /* Pods_WeatherApp.framework */,
				4DE9D898C066420C2EBAAD5E /* Pods_WeatherAppTests.framework */,
			);
			name = Frameworks;
			sourceTree = "<group>";
		};
/* End PBXGroup section */

/* Begin PBXNativeTarget section */
		F95064992F040537000E5C15 /* WeatherApp */ = {
			isa = PBXNativeTarget;
			buildConfigurationList = F95064A52F040539000E5C15 /* Build configuration list for PBXNativeTarget "WeatherApp" */;
			buildPhases = (
				19A27AF516470AE0E6B075D4 /* [CP] Check Pods Manifest.lock */,
				F95064962F040537000E5C15 /* Sources */,
				F95064972F040537000E5C15 /* Frameworks */,
				F95064982F040537000E5C15 /* Resources */,
				F95064DE2F040D30000E5C15 /* Embed Foundation Extensions */,
				FB312C7986502E3749EDFBD8 /* [CP] Copy Pods Resources */,
			);
			buildRules = (
			);
			dependencies = (
				F95064FD2F04CC2B000E5C15 /* PBXTargetDependency */,
			);
			fileSystemSynchronizedGroups = (
				F950649C2F040537000E5C15 /* WeatherApp */,
			);
			name = WeatherApp;
			productName = WeatherApp;
			productReference = F950649A2F040537000E5C15 /* WeatherApp.app */;
			productType = "com.apple.product-type.application";
		};
		F95064F02F04CC29000E5C15 /* CurrentWeatherExtension */ = {
			isa = PBXNativeTarget;
			buildConfigurationList = F95065022F04CC2B000E5C15 /* Build configuration list for PBXNativeTarget "CurrentWeatherExtension" */;
			buildPhases = (
				90A6530D580844C6B3EE1005 /* [CP] Check Pods Manifest.lock */,
				F95064ED2F04CC29000E5C15 /* Sources */,
				F95064EE2F04CC29000E5C15 /* Frameworks */,
				F95064EF2F04CC29000E5C15 /* Resources */,
			);
			buildRules = (
			);
			dependencies = (
			);
			fileSystemSynchronizedGroups = (
				F95064F42F04CC29000E5C15 /* CurrentWeatherWidget */,
				F9D595392F0CD7E6008118F0 /* Shared */,
			);
			name = CurrentWeatherExtension;
			productName = CurrentWeatherExtension;
			productReference = F95064F12F04CC29000E5C15 /* CurrentWeatherExtension.appex */;
			productType = "com.apple.product-type.app-extension";
		};
		F9CA36DC2F124FDB00B40739 /* WeatherAppTests */ = {
			isa = PBXNativeTarget;
			buildConfigurationList = F9CA36E32F124FDB00B40739 /* Build configuration list for PBXNativeTarget "WeatherAppTests" */;
			buildPhases = (
				0F1751BAD6040718866DAA80 /* [CP] Check Pods Manifest.lock */,
				F9CA36D92F124FDB00B40739 /* Sources */,
				F9CA36DA2F124FDB00B40739 /* Frameworks */,
				F9CA36DB2F124FDB00B40739 /* Resources */,
			);
			buildRules = (
			);
			dependencies = (
				F9CA36E22F124FDB00B40739 /* PBXTargetDependency */,
			);
			fileSystemSynchronizedGroups = (
				F9CA36DE2F124FDB00B40739 /* WeatherAppTests */,
			);
			name = WeatherAppTests;
			productName = WeatherAppTests;
			productReference = F9CA36DD2F124FDB00B40739 /* WeatherAppTests.xctest */;
			productType = "com.apple.product-type.bundle.unit-test";
		};
/* End PBXNativeTarget section */

/* Begin PBXProject section */
		F95064922F040537000E5C15 /* Project object */ = {
			isa = PBXProject;
			attributes = {
				BuildIndependentTargetsInParallel = 1;
				LastSwiftUpdateCheck = 2610;
				LastUpgradeCheck = 2610;
				TargetAttributes = {
					F95064992F040537000E5C15 = {
						CreatedOnToolsVersion = 26.1;
					};
					F95064F02F04CC29000E5C15 = {
						CreatedOnToolsVersion = 26.1;
					};
					F9CA36DC2F124FDB00B40739 = {
						CreatedOnToolsVersion = 26.1;
						TestTargetID = F95064992F040537000E5C15;
					};
				};
			};
			buildConfigurationList = F95064952F040537000E5C15 /* Build configuration list for PBXProject "WeatherApp" */;
			developmentRegion = en;
			hasScannedForEncodings = 0;
			knownRegions = (
				en,
				Base,
			);
			mainGroup = F95064912F040537000E5C15;
			minimizedProjectReferenceProxies = 1;
			preferredProjectObjectVersion = 77;
			productRefGroup = F950649B2F040537000E5C15 /* Products */;
			projectDirPath = "";
			projectRoot = "";
			targets = (
				F95064992F040537000E5C15 /* WeatherApp */,
				F95064F02F04CC29000E5C15 /* CurrentWeatherExtension */,
				F9CA36DC2F124FDB00B40739 /* WeatherAppTests */,
			);
		};
/* End PBXProject section */

/* Begin PBXResourcesBuildPhase section */
		F95064982F040537000E5C15 /* Resources */ = {
			isa = PBXResourcesBuildPhase;
			buildActionMask = 2147483647;
			files = (
			);
			runOnlyForDeploymentPostprocessing = 0;
		};
		F95064EF2F04CC29000E5C15 /* Resources */ = {
			isa = PBXResourcesBuildPhase;
			buildActionMask = 2147483647;
			files = (
			);
			runOnlyForDeploymentPostprocessing = 0;
		};
		F9CA36DB2F124FDB00B40739 /* Resources */ = {
			isa = PBXResourcesBuildPhase;
			buildActionMask = 2147483647;
			files = (
			);
			runOnlyForDeploymentPostprocessing = 0;
		};
/* End PBXResourcesBuildPhase section */

/* Begin PBXShellScriptBuildPhase section */
		0F1751BAD6040718866DAA80 /* [CP] Check Pods Manifest.lock */ = {
			isa = PBXShellScriptBuildPhase;
			buildActionMask = 2147483647;
			files = (
			);
			inputFileListPaths = (
			);
			inputPaths = (
				"${PODS_PODFILE_DIR_PATH}/Podfile.lock",
				"${PODS_ROOT}/Manifest.lock",
			);
			name = "[CP] Check Pods Manifest.lock";
			outputFileListPaths = (
			);
			outputPaths = (
				"$(DERIVED_FILE_DIR)/Pods-WeatherAppTests-checkManifestLockResult.txt",
			);
			runOnlyForDeploymentPostprocessing = 0;
			shellPath = /bin/sh;
			shellScript = "diff \"${PODS_PODFILE_DIR_PATH}/Podfile.lock\" \"${PODS_ROOT}/Manifest.lock\" > /dev/null\nif [ $? != 0 ] ; then\n    # print error to STDERR\n    echo \"error: The sandbox is not in sync with the Podfile.lock. Run 'pod install' or update your CocoaPods installation.\" >&2\n    exit 1\nfi\n# This output is used by Xcode 'outputs' to avoid re-running this script phase.\necho \"SUCCESS\" > \"${SCRIPT_OUTPUT_FILE_0}\"\n";
			showEnvVarsInLog = 0;
		};
		19A27AF516470AE0E6B075D4 /* [CP] Check Pods Manifest.lock */ = {
			isa = PBXShellScriptBuildPhase;
			buildActionMask = 2147483647;
			files = (
			);
			inputFileListPaths = (
			);
			inputPaths = (
				"${PODS_PODFILE_DIR_PATH}/Podfile.lock",
				"${PODS_ROOT}/Manifest.lock",
			);
			name = "[CP] Check Pods Manifest.lock";
			outputFileListPaths = (
			);
			outputPaths = (
				"$(DERIVED_FILE_DIR)/Pods-WeatherApp-checkManifestLockResult.txt",
			);
			runOnlyForDeploymentPostprocessing = 0;
			shellPath = /bin/sh;
			shellScript = "diff \"${PODS_PODFILE_DIR_PATH}/Podfile.lock\" \"${PODS_ROOT}/Manifest.lock\" > /dev/null\nif [ $? != 0 ] ; then\n    # print error to STDERR\n    echo \"error: The sandbox is not in sync with the Podfile.lock. Run 'pod install' or update your CocoaPods installation.\" >&2\n    exit 1\nfi\n# This output is used by Xcode 'outputs' to avoid re-running this script phase.\necho \"SUCCESS\" > \"${SCRIPT_OUTPUT_FILE_0}\"\n";
			showEnvVarsInLog = 0;
		};
		90A6530D580844C6B3EE1005 /* [CP] Check Pods Manifest.lock */ = {
			isa = PBXShellScriptBuildPhase;
			buildActionMask = 2147483647;
			files = (
			);
			inputFileListPaths = (
			);
			inputPaths = (
				"${PODS_PODFILE_DIR_PATH}/Podfile.lock",
				"${PODS_ROOT}/Manifest.lock",
			);
			name = "[CP] Check Pods Manifest.lock";
			outputFileListPaths = (
			);
			outputPaths = (
				"$(DERIVED_FILE_DIR)/Pods-CurrentWeatherExtension-checkManifestLockResult.txt",
			);
			runOnlyForDeploymentPostprocessing = 0;
			shellPath = /bin/sh;
			shellScript = "diff \"${PODS_PODFILE_DIR_PATH}/Podfile.lock\" \"${PODS_ROOT}/Manifest.lock\" > /dev/null\nif [ $? != 0 ] ; then\n    # print error to STDERR\n    echo \"error: The sandbox is not in sync with the Podfile.lock. Run 'pod install' or update your CocoaPods installation.\" >&2\n    exit 1\nfi\n# This output is used by Xcode 'outputs' to avoid re-running this script phase.\necho \"SUCCESS\" > \"${SCRIPT_OUTPUT_FILE_0}\"\n";
			showEnvVarsInLog = 0;
		};
		FB312C7986502E3749EDFBD8 /* [CP] Copy Pods Resources */ = {
			isa = PBXShellScriptBuildPhase;
			buildActionMask = 2147483647;
			files = (
			);
			inputFileListPaths = (
				"${PODS_ROOT}/Target Support Files/Pods-WeatherApp/Pods-WeatherApp-resources-${CONFIGURATION}-input-files.xcfilelist",
			);
			inputPaths = (
			);
			name = "[CP] Copy Pods Resources";
			outputFileListPaths = (
				"${PODS_ROOT}/Target Support Files/Pods-WeatherApp/Pods-WeatherApp-resources-${CONFIGURATION}-output-files.xcfilelist",
			);
			outputPaths = (
			);
			runOnlyForDeploymentPostprocessing = 0;
			shellPath = /bin/sh;
			shellScript = "\"${PODS_ROOT}/Target Support Files/Pods-WeatherApp/Pods-WeatherApp-resources.sh\"\n";
			showEnvVarsInLog = 0;
		};
/* End PBXShellScriptBuildPhase section */

/* Begin PBXSourcesBuildPhase section */
		F95064962F040537000E5C15 /* Sources */ = {
			isa = PBXSourcesBuildPhase;
			buildActionMask = 2147483647;
			files = (
			);
			runOnlyForDeploymentPostprocessing = 0;
		};
		F95064ED2F04CC29000E5C15 /* Sources */ = {
			isa = PBXSourcesBuildPhase;
			buildActionMask = 2147483647;
			files = (
			);
			runOnlyForDeploymentPostprocessing = 0;
		};
		F9CA36D92F124FDB00B40739 /* Sources */ = {
			isa = PBXSourcesBuildPhase;
			buildActionMask = 2147483647;
			files = (
			);
			runOnlyForDeploymentPostprocessing = 0;
		};
/* End PBXSourcesBuildPhase section */

/* Begin PBXTargetDependency section */
		F95064FD2F04CC2B000E5C15 /* PBXTargetDependency */ = {
			isa = PBXTargetDependency;
			target = F95064F02F04CC29000E5C15 /* CurrentWeatherExtension */;
			targetProxy = F95064FC2F04CC2B000E5C15 /* PBXContainerItemProxy */;
		};
		F9CA36E22F124FDB00B40739 /* PBXTargetDependency */ = {
			isa = PBXTargetDependency;
			target = F95064992F040537000E5C15 /* WeatherApp */;
			targetProxy = F9CA36E12F124FDB00B40739 /* PBXContainerItemProxy */;
		};
/* End PBXTargetDependency section */

/* Begin XCBuildConfiguration section */
		F95064A32F040539000E5C15 /* Debug */ = {
			isa = XCBuildConfiguration;
			baseConfigurationReferenceAnchor = F950649C2F040537000E5C15 /* WeatherApp */;
			baseConfigurationReferenceRelativePath = App/Debug.xcconfig;
			buildSettings = {
				ALWAYS_SEARCH_USER_PATHS = NO;
				ASSETCATALOG_COMPILER_GENERATE_SWIFT_ASSET_SYMBOL_EXTENSIONS = YES;
				CLANG_ANALYZER_NONNULL = YES;
				CLANG_ANALYZER_NUMBER_OBJECT_CONVERSION = YES_AGGRESSIVE;
				CLANG_CXX_LANGUAGE_STANDARD = "gnu++20";
				CLANG_ENABLE_MODULES = YES;
				CLANG_ENABLE_OBJC_ARC = YES;
				CLANG_ENABLE_OBJC_WEAK = YES;
				CLANG_WARN_BLOCK_CAPTURE_AUTORELEASING = YES;
				CLANG_WARN_BOOL_CONVERSION = YES;
				CLANG_WARN_COMMA = YES;
				CLANG_WARN_CONSTANT_CONVERSION = YES;
				CLANG_WARN_DEPRECATED_OBJC_IMPLEMENTATIONS = YES;
				CLANG_WARN_DIRECT_OBJC_ISA_USAGE = YES_ERROR;
				CLANG_WARN_DOCUMENTATION_COMMENTS = YES;
				CLANG_WARN_EMPTY_BODY = YES;
				CLANG_WARN_ENUM_CONVERSION = YES;
				CLANG_WARN_INFINITE_RECURSION = YES;
				CLANG_WARN_INT_CONVERSION = YES;
				CLANG_WARN_NON_LITERAL_NULL_CONVERSION = YES;
				CLANG_WARN_OBJC_IMPLICIT_RETAIN_SELF = YES;
				CLANG_WARN_OBJC_LITERAL_CONVERSION = YES;
				CLANG_WARN_OBJC_ROOT_CLASS = YES_ERROR;
				CLANG_WARN_QUOTED_INCLUDE_IN_FRAMEWORK_HEADER = YES;
				CLANG_WARN_RANGE_LOOP_ANALYSIS = YES;
				CLANG_WARN_STRICT_PROTOTYPES = YES;
				CLANG_WARN_SUSPICIOUS_MOVE = YES;
				CLANG_WARN_UNGUARDED_AVAILABILITY = YES_AGGRESSIVE;
				CLANG_WARN_UNREACHABLE_CODE = YES;
				CLANG_WARN__DUPLICATE_METHOD_MATCH = YES;
				COPY_PHASE_STRIP = NO;
				DEBUG_INFORMATION_FORMAT = dwarf;
				DEVELOPMENT_TEAM = WR57A2F79J;
				ENABLE_STRICT_OBJC_MSGSEND = YES;
				ENABLE_TESTABILITY = YES;
				ENABLE_USER_SCRIPT_SANDBOXING = YES;
				GCC_C_LANGUAGE_STANDARD = gnu17;
				GCC_DYNAMIC_NO_PIC = NO;
				GCC_NO_COMMON_BLOCKS = YES;
				GCC_OPTIMIZATION_LEVEL = 0;
				GCC_PREPROCESSOR_DEFINITIONS = (
					"DEBUG=1",
					"$(inherited)",
				);
				GCC_WARN_64_TO_32_BIT_CONVERSION = YES;
				GCC_WARN_ABOUT_RETURN_TYPE = YES_ERROR;
				GCC_WARN_UNDECLARED_SELECTOR = YES;
				GCC_WARN_UNINITIALIZED_AUTOS = YES_AGGRESSIVE;
				GCC_WARN_UNUSED_FUNCTION = YES;
				GCC_WARN_UNUSED_VARIABLE = YES;
				LOCALIZATION_PREFERS_STRING_CATALOGS = YES;
				MTL_ENABLE_DEBUG_INFO = INCLUDE_SOURCE;
				MTL_FAST_MATH = YES;
				ONLY_ACTIVE_ARCH = YES;
				SWIFT_ACTIVE_COMPILATION_CONDITIONS = "DEBUG $(inherited)";
				SWIFT_OPTIMIZATION_LEVEL = "-Onone";
			};
			name = Debug;
		};
		F95064A42F040539000E5C15 /* Release */ = {
			isa = XCBuildConfiguration;
			buildSettings = {
				ALWAYS_SEARCH_USER_PATHS = NO;
				ASSETCATALOG_COMPILER_GENERATE_SWIFT_ASSET_SYMBOL_EXTENSIONS = YES;
				CLANG_ANALYZER_NONNULL = YES;
				CLANG_ANALYZER_NUMBER_OBJECT_CONVERSION = YES_AGGRESSIVE;
				CLANG_CXX_LANGUAGE_STANDARD = "gnu++20";
				CLANG_ENABLE_MODULES = YES;
				CLANG_ENABLE_OBJC_ARC = YES;
				CLANG_ENABLE_OBJC_WEAK = YES;
				CLANG_WARN_BLOCK_CAPTURE_AUTORELEASING = YES;
				CLANG_WARN_BOOL_CONVERSION = YES;
				CLANG_WARN_COMMA = YES;
				CLANG_WARN_CONSTANT_CONVERSION = YES;
				CLANG_WARN_DEPRECATED_OBJC_IMPLEMENTATIONS = YES;
				CLANG_WARN_DIRECT_OBJC_ISA_USAGE = YES_ERROR;
				CLANG_WARN_DOCUMENTATION_COMMENTS = YES;
				CLANG_WARN_EMPTY_BODY = YES;
				CLANG_WARN_ENUM_CONVERSION = YES;
				CLANG_WARN_INFINITE_RECURSION = YES;
				CLANG_WARN_INT_CONVERSION = YES;
				CLANG_WARN_NON_LITERAL_NULL_CONVERSION = YES;
				CLANG_WARN_OBJC_IMPLICIT_RETAIN_SELF = YES;
				CLANG_WARN_OBJC_LITERAL_CONVERSION = YES;
				CLANG_WARN_OBJC_ROOT_CLASS = YES_ERROR;
				CLANG_WARN_QUOTED_INCLUDE_IN_FRAMEWORK_HEADER = YES;
				CLANG_WARN_RANGE_LOOP_ANALYSIS = YES;
				CLANG_WARN_STRICT_PROTOTYPES = YES;
				CLANG_WARN_SUSPICIOUS_MOVE = YES;
				CLANG_WARN_UNGUARDED_AVAILABILITY = YES_AGGRESSIVE;
				CLANG_WARN_UNREACHABLE_CODE = YES;
				CLANG_WARN__DUPLICATE_METHOD_MATCH = YES;
				COPY_PHASE_STRIP = NO;
				DEBUG_INFORMATION_FORMAT = "dwarf-with-dsym";
				DEVELOPMENT_TEAM = WR57A2F79J;
				ENABLE_NS_ASSERTIONS = NO;
				ENABLE_STRICT_OBJC_MSGSEND = YES;
				ENABLE_USER_SCRIPT_SANDBOXING = YES;
				GCC_C_LANGUAGE_STANDARD = gnu17;
				GCC_NO_COMMON_BLOCKS = YES;
				GCC_WARN_64_TO_32_BIT_CONVERSION = YES;
				GCC_WARN_ABOUT_RETURN_TYPE = YES_ERROR;
				GCC_WARN_UNDECLARED_SELECTOR = YES;
				GCC_WARN_UNINITIALIZED_AUTOS = YES_AGGRESSIVE;
				GCC_WARN_UNUSED_FUNCTION = YES;
				GCC_WARN_UNUSED_VARIABLE = YES;
				LOCALIZATION_PREFERS_STRING_CATALOGS = YES;
				MTL_ENABLE_DEBUG_INFO = NO;
				MTL_FAST_MATH = YES;
				SWIFT_COMPILATION_MODE = wholemodule;
			};
			name = Release;
		};
		F95064A62F040539000E5C15 /* Debug */ = {
			isa = XCBuildConfiguration;
			baseConfigurationReference = FBB00C78AD54727B06D4BCA8 /* Pods-WeatherApp.debug.xcconfig */;
			buildSettings = {
				ASSETCATALOG_COMPILER_APPICON_NAME = AppIcon;
				ASSETCATALOG_COMPILER_GLOBAL_ACCENT_COLOR_NAME = AccentColor;
				CODE_SIGN_ENTITLEMENTS = WeatherApp/WeatherApp.entitlements;
				CODE_SIGN_STYLE = Automatic;
				CURRENT_PROJECT_VERSION = 1;
				DEVELOPMENT_TEAM = G59FPGXEVL;
				DONT_GENERATE_INFOPLIST_FILE = NO;
				ENABLE_APP_SANDBOX = YES;
				ENABLE_HARDENED_RUNTIME = YES;
				ENABLE_PREVIEWS = YES;
				ENABLE_USER_SCRIPT_SANDBOXING = NO;
				ENABLE_USER_SELECTED_FILES = readonly;
				GENERATE_INFOPLIST_FILE = NO;
				GENERATE_PKGINFO_FILE = YES;
				INFOPLIST_FILE = WeatherApp/App/Info.plist;
				INFOPLIST_KEY_LSApplicationCategoryType = "public.app-category.utilities";
				INFOPLIST_KEY_UIApplicationSceneManifest_Generation = YES;
				"INFOPLIST_KEY_UIApplicationSceneManifest_Generation[sdk=iphoneos*]" = YES;
				"INFOPLIST_KEY_UIApplicationSceneManifest_Generation[sdk=iphonesimulator*]" = YES;
				INFOPLIST_KEY_UIApplicationSupportsIndirectInputEvents = YES;
				"INFOPLIST_KEY_UIApplicationSupportsIndirectInputEvents[sdk=iphoneos*]" = YES;
				"INFOPLIST_KEY_UIApplicationSupportsIndirectInputEvents[sdk=iphonesimulator*]" = YES;
				INFOPLIST_KEY_UILaunchScreen_Generation = YES;
				"INFOPLIST_KEY_UILaunchScreen_Generation[sdk=iphoneos*]" = YES;
				"INFOPLIST_KEY_UILaunchScreen_Generation[sdk=iphonesimulator*]" = YES;
				INFOPLIST_KEY_UILaunchStoryboardName = "";
				INFOPLIST_KEY_UIStatusBarStyle = UIStatusBarStyleDefault;
				"INFOPLIST_KEY_UIStatusBarStyle[sdk=iphoneos*]" = UIStatusBarStyleDefault;
				"INFOPLIST_KEY_UIStatusBarStyle[sdk=iphonesimulator*]" = UIStatusBarStyleDefault;
				INFOPLIST_KEY_UISupportedInterfaceOrientations_iPad = "UIInterfaceOrientationPortrait UIInterfaceOrientationPortraitUpsideDown UIInterfaceOrientationLandscapeLeft UIInterfaceOrientationLandscapeRight";
				INFOPLIST_KEY_UISupportedInterfaceOrientations_iPhone = "UIInterfaceOrientationPortrait UIInterfaceOrientationLandscapeLeft UIInterfaceOrientationLandscapeRight";
				IPHONEOS_DEPLOYMENT_TARGET = 13.0;
				LD_RUNPATH_SEARCH_PATHS = "@executable_path/Frameworks";
				"LD_RUNPATH_SEARCH_PATHS[sdk=macosx*]" = "@executable_path/../Frameworks";
				MACOSX_DEPLOYMENT_TARGET = 26.1;
				MARKETING_VERSION = 1.0;
				PRODUCT_BUNDLE_IDENTIFIER = id.my.aziznfl.WeatherTestApp;
				PRODUCT_NAME = "$(TARGET_NAME)";
				REGISTER_APP_GROUPS = YES;
				SDKROOT = iphoneos;
				STRING_CATALOG_GENERATE_SYMBOLS = YES;
				SUPPORTED_PLATFORMS = "iphonesimulator iphoneos";
				SWIFT_APPROACHABLE_CONCURRENCY = YES;
				SWIFT_DEFAULT_ACTOR_ISOLATION = MainActor;
				SWIFT_EMIT_LOC_STRINGS = YES;
				SWIFT_UPCOMING_FEATURE_MEMBER_IMPORT_VISIBILITY = YES;
				SWIFT_VERSION = 5.0;
				TARGETED_DEVICE_FAMILY = 1;
				XROS_DEPLOYMENT_TARGET = 26.1;
			};
			name = Debug;
		};
		F95064A72F040539000E5C15 /* Release */ = {
			isa = XCBuildConfiguration;
			baseConfigurationReference = 607043C257D6D22B6F88DBA6 /* Pods-WeatherApp.release.xcconfig */;
			buildSettings = {
				ASSETCATALOG_COMPILER_APPICON_NAME = AppIcon;
				ASSETCATALOG_COMPILER_GLOBAL_ACCENT_COLOR_NAME = AccentColor;
				CODE_SIGN_ENTITLEMENTS = WeatherApp/WeatherApp.entitlements;
				CODE_SIGN_STYLE = Automatic;
				CURRENT_PROJECT_VERSION = 1;
				DEVELOPMENT_TEAM = G59FPGXEVL;
				DONT_GENERATE_INFOPLIST_FILE = NO;
				ENABLE_APP_SANDBOX = YES;
				ENABLE_HARDENED_RUNTIME = YES;
				ENABLE_PREVIEWS = YES;
				ENABLE_USER_SCRIPT_SANDBOXING = NO;
				ENABLE_USER_SELECTED_FILES = readonly;
				GENERATE_INFOPLIST_FILE = NO;
				GENERATE_PKGINFO_FILE = YES;
				INFOPLIST_FILE = WeatherApp/App/Info.plist;
				"INFOPLIST_FILE[sdk=*]" = WeatherApp/App/Info.plist;
				INFOPLIST_KEY_LSApplicationCategoryType = "public.app-category.utilities";
				INFOPLIST_KEY_UIApplicationSceneManifest_Generation = YES;
				"INFOPLIST_KEY_UIApplicationSceneManifest_Generation[sdk=iphoneos*]" = YES;
				"INFOPLIST_KEY_UIApplicationSceneManifest_Generation[sdk=iphonesimulator*]" = YES;
				INFOPLIST_KEY_UIApplicationSupportsIndirectInputEvents = YES;
				"INFOPLIST_KEY_UIApplicationSupportsIndirectInputEvents[sdk=iphoneos*]" = YES;
				"INFOPLIST_KEY_UIApplicationSupportsIndirectInputEvents[sdk=iphonesimulator*]" = YES;
				INFOPLIST_KEY_UILaunchScreen_Generation = YES;
				"INFOPLIST_KEY_UILaunchScreen_Generation[sdk=iphoneos*]" = YES;
				"INFOPLIST_KEY_UILaunchScreen_Generation[sdk=iphonesimulator*]" = YES;
				INFOPLIST_KEY_UILaunchStoryboardName = "";
				INFOPLIST_KEY_UIStatusBarStyle = UIStatusBarStyleDefault;
				"INFOPLIST_KEY_UIStatusBarStyle[sdk=iphoneos*]" = UIStatusBarStyleDefault;
				"INFOPLIST_KEY_UIStatusBarStyle[sdk=iphonesimulator*]" = UIStatusBarStyleDefault;
				INFOPLIST_KEY_UISupportedInterfaceOrientations_iPad = "UIInterfaceOrientationPortrait UIInterfaceOrientationPortraitUpsideDown UIInterfaceOrientationLandscapeLeft UIInterfaceOrientationLandscapeRight";
				INFOPLIST_KEY_UISupportedInterfaceOrientations_iPhone = "UIInterfaceOrientationPortrait UIInterfaceOrientationLandscapeLeft UIInterfaceOrientationLandscapeRight";
				IPHONEOS_DEPLOYMENT_TARGET = 13.0;
				LD_RUNPATH_SEARCH_PATHS = "@executable_path/Frameworks";
				"LD_RUNPATH_SEARCH_PATHS[sdk=macosx*]" = "@executable_path/../Frameworks";
				MACOSX_DEPLOYMENT_TARGET = 26.1;
				MARKETING_VERSION = 1.0;
				PRODUCT_BUNDLE_IDENTIFIER = id.my.aziznfl.WeatherTestApp;
				PRODUCT_NAME = "$(TARGET_NAME)";
				REGISTER_APP_GROUPS = YES;
				SDKROOT = iphoneos;
				STRING_CATALOG_GENERATE_SYMBOLS = YES;
				SUPPORTED_PLATFORMS = "iphonesimulator iphoneos";
				SWIFT_APPROACHABLE_CONCURRENCY = YES;
				SWIFT_DEFAULT_ACTOR_ISOLATION = MainActor;
				SWIFT_EMIT_LOC_STRINGS = YES;
				SWIFT_UPCOMING_FEATURE_MEMBER_IMPORT_VISIBILITY = YES;
				SWIFT_VERSION = 5.0;
				TARGETED_DEVICE_FAMILY = 1;
				XROS_DEPLOYMENT_TARGET = 26.1;
			};
			name = Release;
		};
		F95064FF2F04CC2B000E5C15 /* Debug */ = {
			isa = XCBuildConfiguration;
			baseConfigurationReference = 28476A702357D5DE6C2D6110 /* Pods-CurrentWeatherExtension.debug.xcconfig */;
			buildSettings = {
				ASSETCATALOG_COMPILER_GLOBAL_ACCENT_COLOR_NAME = AccentColor;
				ASSETCATALOG_COMPILER_WIDGET_BACKGROUND_COLOR_NAME = WidgetBackground;
				CODE_SIGN_ENTITLEMENTS = CurrentWeatherExtension.entitlements;
				CODE_SIGN_STYLE = Automatic;
				CURRENT_PROJECT_VERSION = 1;
				DEVELOPMENT_TEAM = G59FPGXEVL;
				GENERATE_INFOPLIST_FILE = YES;
				INFOPLIST_FILE = CurrentWeatherWidget/Info.plist;
				INFOPLIST_KEY_CFBundleDisplayName = CurrentWeather;
				INFOPLIST_KEY_NSHumanReadableCopyright = "";
				IPHONEOS_DEPLOYMENT_TARGET = 15.6;
				LD_RUNPATH_SEARCH_PATHS = (
					"$(inherited)",
					"@executable_path/Frameworks",
					"@executable_path/../../Frameworks",
				);
				MARKETING_VERSION = 1.0;
				PRODUCT_BUNDLE_IDENTIFIER = id.my.aziznfl.WeatherTestApp.CurrentWeather;
				PRODUCT_NAME = "$(TARGET_NAME)";
				SDKROOT = iphoneos;
				SKIP_INSTALL = YES;
				STRING_CATALOG_GENERATE_SYMBOLS = YES;
				SWIFT_APPROACHABLE_CONCURRENCY = YES;
				SWIFT_EMIT_LOC_STRINGS = YES;
				SWIFT_UPCOMING_FEATURE_MEMBER_IMPORT_VISIBILITY = YES;
				SWIFT_VERSION = 5.0;
				TARGETED_DEVICE_FAMILY = "1,2";
			};
			name = Debug;
		};
		F95065002F04CC2B000E5C15 /* Release */ = {
			isa = XCBuildConfiguration;
			baseConfigurationReference = 77C5748BA9874D2C34BCE240 /* Pods-CurrentWeatherExtension.release.xcconfig */;
			buildSettings = {
				ASSETCATALOG_COMPILER_GLOBAL_ACCENT_COLOR_NAME = AccentColor;
				ASSETCATALOG_COMPILER_WIDGET_BACKGROUND_COLOR_NAME = WidgetBackground;
				CODE_SIGN_ENTITLEMENTS = CurrentWeatherExtension.entitlements;
				CODE_SIGN_STYLE = Automatic;
				CURRENT_PROJECT_VERSION = 1;
				DEVELOPMENT_TEAM = G59FPGXEVL;
				GENERATE_INFOPLIST_FILE = YES;
				INFOPLIST_FILE = CurrentWeatherWidget/Info.plist;
				INFOPLIST_KEY_CFBundleDisplayName = CurrentWeather;
				INFOPLIST_KEY_NSHumanReadableCopyright = "";
				IPHONEOS_DEPLOYMENT_TARGET = 15.6;
				LD_RUNPATH_SEARCH_PATHS = (
					"$(inherited)",
					"@executable_path/Frameworks",
					"@executable_path/../../Frameworks",
				);
				MARKETING_VERSION = 1.0;
				PRODUCT_BUNDLE_IDENTIFIER = id.my.aziznfl.WeatherTestApp.CurrentWeather;
				PRODUCT_NAME = "$(TARGET_NAME)";
				SDKROOT = iphoneos;
				SKIP_INSTALL = YES;
				STRING_CATALOG_GENERATE_SYMBOLS = YES;
				SWIFT_APPROACHABLE_CONCURRENCY = YES;
				SWIFT_EMIT_LOC_STRINGS = YES;
				SWIFT_UPCOMING_FEATURE_MEMBER_IMPORT_VISIBILITY = YES;
				SWIFT_VERSION = 5.0;
				TARGETED_DEVICE_FAMILY = "1,2";
				VALIDATE_PRODUCT = YES;
			};
			name = Release;
		};
		F9CA36E42F124FDB00B40739 /* Debug */ = {
			isa = XCBuildConfiguration;
			baseConfigurationReference = ACF76B7D0503CD933DDBC576 /* Pods-WeatherAppTests.debug.xcconfig */;
			buildSettings = {
				BUNDLE_LOADER = "$(TEST_HOST)";
				CODE_SIGN_STYLE = Automatic;
				CURRENT_PROJECT_VERSION = 1;
				DEVELOPMENT_TEAM = G59FPGXEVL;
				GENERATE_INFOPLIST_FILE = YES;
				IPHONEOS_DEPLOYMENT_TARGET = 26.1;
				MARKETING_VERSION = 1.0;
				PRODUCT_BUNDLE_IDENTIFIER = id.my.aziznfl.WeatherAppTests;
				PRODUCT_NAME = "$(TARGET_NAME)";
				SDKROOT = iphoneos;
				STRING_CATALOG_GENERATE_SYMBOLS = NO;
				SWIFT_APPROACHABLE_CONCURRENCY = YES;
				SWIFT_EMIT_LOC_STRINGS = NO;
				SWIFT_UPCOMING_FEATURE_MEMBER_IMPORT_VISIBILITY = YES;
				SWIFT_VERSION = 5.0;
				TARGETED_DEVICE_FAMILY = "1,2";
				TEST_HOST = "$(BUILT_PRODUCTS_DIR)/WeatherApp.app/$(BUNDLE_EXECUTABLE_FOLDER_PATH)/WeatherApp";
			};
			name = Debug;
		};
		F9CA36E52F124FDB00B40739 /* Release */ = {
			isa = XCBuildConfiguration;
			baseConfigurationReference = 82A502E2383695FD20D7AD5C /* Pods-WeatherAppTests.release.xcconfig */;
			buildSettings = {
				BUNDLE_LOADER = "$(TEST_HOST)";
				CODE_SIGN_STYLE = Automatic;
				CURRENT_PROJECT_VERSION = 1;
				DEVELOPMENT_TEAM = G59FPGXEVL;
				GENERATE_INFOPLIST_FILE = YES;
				IPHONEOS_DEPLOYMENT_TARGET = 26.1;
				MARKETING_VERSION = 1.0;
				PRODUCT_BUNDLE_IDENTIFIER = id.my.aziznfl.WeatherAppTests;
				PRODUCT_NAME = "$(TARGET_NAME)";
				SDKROOT = iphoneos;
				STRING_CATALOG_GENERATE_SYMBOLS = NO;
				SWIFT_APPROACHABLE_CONCURRENCY = YES;
				SWIFT_EMIT_LOC_STRINGS = NO;
				SWIFT_UPCOMING_FEATURE_MEMBER_IMPORT_VISIBILITY = YES;
				SWIFT_VERSION = 5.0;
				TARGETED_DEVICE_FAMILY = "1,2";
				TEST_HOST = "$(BUILT_PRODUCTS_DIR)/WeatherApp.app/$(BUNDLE_EXECUTABLE_FOLDER_PATH)/WeatherApp";
				VALIDATE_PRODUCT = YES;
			};
			name = Release;
		};
/* End XCBuildConfiguration section */

/* Begin XCConfigurationList section */
		F95064952F040537000E5C15 /* Build configuration list for PBXProject "WeatherApp" */ = {
			isa = XCConfigurationList;
			buildConfigurations = (
				F95064A32F040539000E5C15 /* Debug */,
				F95064A42F040539000E5C15 /* Release */,
			);
			defaultConfigurationIsVisible = 0;
			defaultConfigurationName = Debug;
		};
		F95064A52F040539000E5C15 /* Build configuration list for PBXNativeTarget "WeatherApp" */ = {
			isa = XCConfigurationList;
			buildConfigurations = (
				F95064A62F040539000E5C15 /* Debug */,
				F95064A72F040539000E5C15 /* Release */,
			);
			defaultConfigurationIsVisible = 0;
			defaultConfigurationName = Debug;
		};
		F95065022F04CC2B000E5C15 /* Build configuration list for PBXNativeTarget "CurrentWeatherExtension" */ = {
			isa = XCConfigurationList;
			buildConfigurations = (
				F95064FF2F04CC2B000E5C15 /* Debug */,
				F95065002F04CC2B000E5C15 /* Release */,
			);
			defaultConfigurationIsVisible = 0;
			defaultConfigurationName = Debug;
		};
		F9CA36E32F124FDB00B40739 /* Build configuration list for PBXNativeTarget "WeatherAppTests" */ = {
			isa = XCConfigurationList;
			buildConfigurations = (
				F9CA36E42F124FDB00B40739 /* Debug */,
				F9CA36E52F124FDB00B40739 /* Release */,
			);
			defaultConfigurationIsVisible = 0;
			defaultConfigurationName = Debug;
		};
/* End XCConfigurationList section */
	};
	rootObject = F95064922F040537000E5C15 /* Project object */;
}
